// !$*UTF8*$!
{
	archiveVersion = 1;
	classes = {
	};
	objectVersion = 56;
	objects = {

/* Begin PBXBuildFile section */
		A006CEAE2BCCBED30065553F /* DishDetailViewController.swift in Sources */ = {isa = PBXBuildFile; fileRef = A006CEAD2BCCBED30065553F /* DishDetailViewController.swift */; };
		A006CEB02BCCBF050065553F /* DishDetailViewModel.swift in Sources */ = {isa = PBXBuildFile; fileRef = A006CEAF2BCCBF050065553F /* DishDetailViewModel.swift */; };
		A006CEB22BCCBF8C0065553F /* DishDetailListAdapter.swift in Sources */ = {isa = PBXBuildFile; fileRef = A006CEB12BCCBF8C0065553F /* DishDetailListAdapter.swift */; };
		A006CEB42BCCC0730065553F /* DishDetailListItemViewModel.swift in Sources */ = {isa = PBXBuildFile; fileRef = A006CEB32BCCC0730065553F /* DishDetailListItemViewModel.swift */; };
		A006CEB62BCCC12B0065553F /* DishDetailListItemCell.swift in Sources */ = {isa = PBXBuildFile; fileRef = A006CEB52BCCC12B0065553F /* DishDetailListItemCell.swift */; };
		A01940D82BDA2F41006848E2 /* TasteCategory.swift in Sources */ = {isa = PBXBuildFile; fileRef = A01940D72BDA2F41006848E2 /* TasteCategory.swift */; };
		A93CF6D02BC2A8120077B0A2 /* AppDelegate.swift in Sources */ = {isa = PBXBuildFile; fileRef = A93CF6CF2BC2A8120077B0A2 /* AppDelegate.swift */; };
		A93CF6D22BC2A8120077B0A2 /* SceneDelegate.swift in Sources */ = {isa = PBXBuildFile; fileRef = A93CF6D12BC2A8120077B0A2 /* SceneDelegate.swift */; };
		A93CF6D92BC2A8150077B0A2 /* Assets.xcassets in Resources */ = {isa = PBXBuildFile; fileRef = A93CF6D82BC2A8150077B0A2 /* Assets.xcassets */; };
		A93CF6DC2BC2A8150077B0A2 /* Base in Resources */ = {isa = PBXBuildFile; fileRef = A93CF6DB2BC2A8150077B0A2 /* Base */; };
		A93CF6E82BC2A8AF0077B0A2 /* RestaurantListViewController.swift in Sources */ = {isa = PBXBuildFile; fileRef = A93CF6E72BC2A8AF0077B0A2 /* RestaurantListViewController.swift */; };
		A93CF6EA2BC2A8FE0077B0A2 /* RestaurantListViewModel.swift in Sources */ = {isa = PBXBuildFile; fileRef = A93CF6E92BC2A8FE0077B0A2 /* RestaurantListViewModel.swift */; };
		A93CF6EC2BC2A93B0077B0A2 /* AppDIContainer.swift in Sources */ = {isa = PBXBuildFile; fileRef = A93CF6EB2BC2A93B0077B0A2 /* AppDIContainer.swift */; };
		A93CF6EE2BC2A9420077B0A2 /* AppFlowCoordinator.swift in Sources */ = {isa = PBXBuildFile; fileRef = A93CF6ED2BC2A9420077B0A2 /* AppFlowCoordinator.swift */; };
		A93CF6F02BC2A94C0077B0A2 /* SceneDIContainer.swift in Sources */ = {isa = PBXBuildFile; fileRef = A93CF6EF2BC2A94C0077B0A2 /* SceneDIContainer.swift */; };
		A93CF6F22BC2A96E0077B0A2 /* ViewFlowCoordinator.swift in Sources */ = {isa = PBXBuildFile; fileRef = A93CF6F12BC2A96E0077B0A2 /* ViewFlowCoordinator.swift */; };
		A93CF6F42BC2AA030077B0A2 /* AppConfiguration.swift in Sources */ = {isa = PBXBuildFile; fileRef = A93CF6F32BC2AA030077B0A2 /* AppConfiguration.swift */; };
		A971F2422BDD238B00ABC8C8 /* GlossaryViewController.swift in Sources */ = {isa = PBXBuildFile; fileRef = A971F2412BDD238B00ABC8C8 /* GlossaryViewController.swift */; };
		A971F2442BDD23C800ABC8C8 /* GlossaryViewModel.swift in Sources */ = {isa = PBXBuildFile; fileRef = A971F2432BDD23C800ABC8C8 /* GlossaryViewModel.swift */; };
		A971F2462BDD31B100ABC8C8 /* GlossaryListAdapter.swift in Sources */ = {isa = PBXBuildFile; fileRef = A971F2452BDD31B100ABC8C8 /* GlossaryListAdapter.swift */; };
		A97DAB8A2BCB845B000867D9 /* Restaurant.swift in Sources */ = {isa = PBXBuildFile; fileRef = A97DAB892BCB845B000867D9 /* Restaurant.swift */; };
		A97DAB922BCB84F9000867D9 /* ReviewListRepository.swift in Sources */ = {isa = PBXBuildFile; fileRef = A97DAB912BCB84F9000867D9 /* ReviewListRepository.swift */; };
		A97DAB942BCB8510000867D9 /* DefaultReviewListRepository.swift in Sources */ = {isa = PBXBuildFile; fileRef = A97DAB932BCB8510000867D9 /* DefaultReviewListRepository.swift */; };
		A97DAB962BCB85A1000867D9 /* ReviewListStorage.swift in Sources */ = {isa = PBXBuildFile; fileRef = A97DAB952BCB85A1000867D9 /* ReviewListStorage.swift */; };
		A97DABC32BCBBA18000867D9 /* RestaurantEntity.swift in Sources */ = {isa = PBXBuildFile; fileRef = A97DABC22BCBBA18000867D9 /* RestaurantEntity.swift */; };
		A97DABC52BCBBA24000867D9 /* DishEntity.swift in Sources */ = {isa = PBXBuildFile; fileRef = A97DABC42BCBBA24000867D9 /* DishEntity.swift */; };
		A97DABCC2BCBFC25000867D9 /* RestaurantDishListViewController.swift in Sources */ = {isa = PBXBuildFile; fileRef = A97DABCB2BCBFC25000867D9 /* RestaurantDishListViewController.swift */; };
		A97DABCE2BCBFCBF000867D9 /* RestaurantDishListItemCell.swift in Sources */ = {isa = PBXBuildFile; fileRef = A97DABCD2BCBFCBF000867D9 /* RestaurantDishListItemCell.swift */; };
		A97DABD02BCBFD8E000867D9 /* RestaurantDishListItemViewModel.swift in Sources */ = {isa = PBXBuildFile; fileRef = A97DABCF2BCBFD8E000867D9 /* RestaurantDishListItemViewModel.swift */; };
		A97DABD22BCBFF15000867D9 /* RestaurantDishListAdapter.swift in Sources */ = {isa = PBXBuildFile; fileRef = A97DABD12BCBFF15000867D9 /* RestaurantDishListAdapter.swift */; };
		A97DABD42BCC0026000867D9 /* RestaurantDishListViewModel.swift in Sources */ = {isa = PBXBuildFile; fileRef = A97DABD32BCC0026000867D9 /* RestaurantDishListViewModel.swift */; };
		A9896F002BC8CB2300BC79E3 /* Constants.swift in Sources */ = {isa = PBXBuildFile; fileRef = A9896EFF2BC8CB2300BC79E3 /* Constants.swift */; };
		A9896F022BC8D1CB00BC79E3 /* OnOffButton.swift in Sources */ = {isa = PBXBuildFile; fileRef = A9896F012BC8D1CB00BC79E3 /* OnOffButton.swift */; };
		A9896F052BC8E6F000BC79E3 /* Dish.swift in Sources */ = {isa = PBXBuildFile; fileRef = A9896F042BC8E6F000BC79E3 /* Dish.swift */; };
		A9A672442BDDD1D50008AC9F /* GlossaryListItemViewModel.swift in Sources */ = {isa = PBXBuildFile; fileRef = A9A672432BDDD1D50008AC9F /* GlossaryListItemViewModel.swift */; };
		A9A672462BDDD4920008AC9F /* GlossaryListItemCell.swift in Sources */ = {isa = PBXBuildFile; fileRef = A9A672452BDDD4920008AC9F /* GlossaryListItemCell.swift */; };
		A9AF0CF22BDA717F0063F447 /* TasteCategoryButton.swift in Sources */ = {isa = PBXBuildFile; fileRef = A9AF0CF12BDA717F0063F447 /* TasteCategoryButton.swift */; };
		A9C89D032BD24F9300E386D0 /* SwitchSettingView.swift in Sources */ = {isa = PBXBuildFile; fileRef = A9C89D022BD24F9300E386D0 /* SwitchSettingView.swift */; };
		A9C89D052BD25B0D00E386D0 /* SettingsViewModel.swift in Sources */ = {isa = PBXBuildFile; fileRef = A9C89D042BD25B0D00E386D0 /* SettingsViewModel.swift */; };
		A9C89D072BD25B5000E386D0 /* DefaultSettingsRepository.swift in Sources */ = {isa = PBXBuildFile; fileRef = A9C89D062BD25B5000E386D0 /* DefaultSettingsRepository.swift */; };
		A9C89D092BD25B5A00E386D0 /* SettingsStorage.swift in Sources */ = {isa = PBXBuildFile; fileRef = A9C89D082BD25B5A00E386D0 /* SettingsStorage.swift */; };
		A9C89D0B2BD25B6800E386D0 /* SettingsRepository.swift in Sources */ = {isa = PBXBuildFile; fileRef = A9C89D0A2BD25B6800E386D0 /* SettingsRepository.swift */; };
		A9C89D0D2BD35ABF00E386D0 /* RecordButton.swift in Sources */ = {isa = PBXBuildFile; fileRef = A9C89D0C2BD35ABF00E386D0 /* RecordButton.swift */; };
		A9CFEC4A2BC806F800AFE7C3 /* TasteListViewController.swift in Sources */ = {isa = PBXBuildFile; fileRef = A9CFEC492BC806F800AFE7C3 /* TasteListViewController.swift */; };
		A9CFEC4C2BC80ADD00AFE7C3 /* TasteListViewModel.swift in Sources */ = {isa = PBXBuildFile; fileRef = A9CFEC4B2BC80ADD00AFE7C3 /* TasteListViewModel.swift */; };
		A9CFEC4F2BC80FCE00AFE7C3 /* SettingsViewController.swift in Sources */ = {isa = PBXBuildFile; fileRef = A9CFEC4E2BC80FCE00AFE7C3 /* SettingsViewController.swift */; };
		A9E86E2D2BC648F300576877 /* RestaurantListAdapter.swift in Sources */ = {isa = PBXBuildFile; fileRef = A9E86E2C2BC648F200576877 /* RestaurantListAdapter.swift */; };
		A9E86E2F2BC649BC00576877 /* RestaurantListItemCell.swift in Sources */ = {isa = PBXBuildFile; fileRef = A9E86E2E2BC649BC00576877 /* RestaurantListItemCell.swift */; };
		A9E86E312BC64C0D00576877 /* RestaurantListItemViewModel.swift in Sources */ = {isa = PBXBuildFile; fileRef = A9E86E302BC64C0D00576877 /* RestaurantListItemViewModel.swift */; };
		A9E86E342BC64D5D00576877 /* Date+FormattedString.swift in Sources */ = {isa = PBXBuildFile; fileRef = A9E86E332BC64D5C00576877 /* Date+FormattedString.swift */; };
		A9E86E372BC665F100576877 /* StudioViewController.swift in Sources */ = {isa = PBXBuildFile; fileRef = A9E86E362BC665F100576877 /* StudioViewController.swift */; };
		A9E86E392BC6685700576877 /* StudioViewModel.swift in Sources */ = {isa = PBXBuildFile; fileRef = A9E86E382BC6685700576877 /* StudioViewModel.swift */; };
		A9E86E3C2BC672BF00576877 /* PreviewView.swift in Sources */ = {isa = PBXBuildFile; fileRef = A9E86E3B2BC672BF00576877 /* PreviewView.swift */; };
		A9E86E3E2BC6737700576877 /* Studio.swift in Sources */ = {isa = PBXBuildFile; fileRef = A9E86E3D2BC6737700576877 /* Studio.swift */; };
		A9E86E402BC6887400576877 /* PhotoCaptureProcessor.swift in Sources */ = {isa = PBXBuildFile; fileRef = A9E86E3F2BC6887400576877 /* PhotoCaptureProcessor.swift */; };
		A9E86E432BC68ACA00576877 /* StudioUseCase.swift in Sources */ = {isa = PBXBuildFile; fileRef = A9E86E422BC68ACA00576877 /* StudioUseCase.swift */; };
/* End PBXBuildFile section */

/* Begin PBXFileReference section */
		A006CEAD2BCCBED30065553F /* DishDetailViewController.swift */ = {isa = PBXFileReference; lastKnownFileType = sourcecode.swift; path = DishDetailViewController.swift; sourceTree = "<group>"; };
		A006CEAF2BCCBF050065553F /* DishDetailViewModel.swift */ = {isa = PBXFileReference; lastKnownFileType = sourcecode.swift; path = DishDetailViewModel.swift; sourceTree = "<group>"; };
		A006CEB12BCCBF8C0065553F /* DishDetailListAdapter.swift */ = {isa = PBXFileReference; lastKnownFileType = sourcecode.swift; path = DishDetailListAdapter.swift; sourceTree = "<group>"; };
		A006CEB32BCCC0730065553F /* DishDetailListItemViewModel.swift */ = {isa = PBXFileReference; lastKnownFileType = sourcecode.swift; path = DishDetailListItemViewModel.swift; sourceTree = "<group>"; };
		A006CEB52BCCC12B0065553F /* DishDetailListItemCell.swift */ = {isa = PBXFileReference; lastKnownFileType = sourcecode.swift; path = DishDetailListItemCell.swift; sourceTree = "<group>"; };
		A01940D72BDA2F41006848E2 /* TasteCategory.swift */ = {isa = PBXFileReference; lastKnownFileType = sourcecode.swift; path = TasteCategory.swift; sourceTree = "<group>"; };
		A93CF6CC2BC2A8120077B0A2 /* Reviewer.app */ = {isa = PBXFileReference; explicitFileType = wrapper.application; includeInIndex = 0; path = Reviewer.app; sourceTree = BUILT_PRODUCTS_DIR; };
		A93CF6CF2BC2A8120077B0A2 /* AppDelegate.swift */ = {isa = PBXFileReference; lastKnownFileType = sourcecode.swift; path = AppDelegate.swift; sourceTree = "<group>"; };
		A93CF6D12BC2A8120077B0A2 /* SceneDelegate.swift */ = {isa = PBXFileReference; lastKnownFileType = sourcecode.swift; path = SceneDelegate.swift; sourceTree = "<group>"; };
		A93CF6D82BC2A8150077B0A2 /* Assets.xcassets */ = {isa = PBXFileReference; lastKnownFileType = folder.assetcatalog; path = Assets.xcassets; sourceTree = "<group>"; };
		A93CF6DB2BC2A8150077B0A2 /* Base */ = {isa = PBXFileReference; lastKnownFileType = file.storyboard; name = Base; path = Base.lproj/LaunchScreen.storyboard; sourceTree = "<group>"; };
		A93CF6DD2BC2A8150077B0A2 /* Info.plist */ = {isa = PBXFileReference; lastKnownFileType = text.plist.xml; path = Info.plist; sourceTree = "<group>"; };
		A93CF6E72BC2A8AF0077B0A2 /* RestaurantListViewController.swift */ = {isa = PBXFileReference; lastKnownFileType = sourcecode.swift; path = RestaurantListViewController.swift; sourceTree = "<group>"; };
		A93CF6E92BC2A8FE0077B0A2 /* RestaurantListViewModel.swift */ = {isa = PBXFileReference; lastKnownFileType = sourcecode.swift; path = RestaurantListViewModel.swift; sourceTree = "<group>"; };
		A93CF6EB2BC2A93B0077B0A2 /* AppDIContainer.swift */ = {isa = PBXFileReference; lastKnownFileType = sourcecode.swift; path = AppDIContainer.swift; sourceTree = "<group>"; };
		A93CF6ED2BC2A9420077B0A2 /* AppFlowCoordinator.swift */ = {isa = PBXFileReference; lastKnownFileType = sourcecode.swift; path = AppFlowCoordinator.swift; sourceTree = "<group>"; };
		A93CF6EF2BC2A94C0077B0A2 /* SceneDIContainer.swift */ = {isa = PBXFileReference; lastKnownFileType = sourcecode.swift; path = SceneDIContainer.swift; sourceTree = "<group>"; };
		A93CF6F12BC2A96E0077B0A2 /* ViewFlowCoordinator.swift */ = {isa = PBXFileReference; lastKnownFileType = sourcecode.swift; path = ViewFlowCoordinator.swift; sourceTree = "<group>"; };
		A93CF6F32BC2AA030077B0A2 /* AppConfiguration.swift */ = {isa = PBXFileReference; lastKnownFileType = sourcecode.swift; path = AppConfiguration.swift; sourceTree = "<group>"; };
		A971F2412BDD238B00ABC8C8 /* GlossaryViewController.swift */ = {isa = PBXFileReference; lastKnownFileType = sourcecode.swift; path = GlossaryViewController.swift; sourceTree = "<group>"; };
		A971F2432BDD23C800ABC8C8 /* GlossaryViewModel.swift */ = {isa = PBXFileReference; lastKnownFileType = sourcecode.swift; path = GlossaryViewModel.swift; sourceTree = "<group>"; };
		A971F2452BDD31B100ABC8C8 /* GlossaryListAdapter.swift */ = {isa = PBXFileReference; lastKnownFileType = sourcecode.swift; path = GlossaryListAdapter.swift; sourceTree = "<group>"; };
		A97DAB892BCB845B000867D9 /* Restaurant.swift */ = {isa = PBXFileReference; lastKnownFileType = sourcecode.swift; path = Restaurant.swift; sourceTree = "<group>"; };
		A97DAB912BCB84F9000867D9 /* ReviewListRepository.swift */ = {isa = PBXFileReference; lastKnownFileType = sourcecode.swift; path = ReviewListRepository.swift; sourceTree = "<group>"; };
		A97DAB932BCB8510000867D9 /* DefaultReviewListRepository.swift */ = {isa = PBXFileReference; lastKnownFileType = sourcecode.swift; path = DefaultReviewListRepository.swift; sourceTree = "<group>"; };
		A97DAB952BCB85A1000867D9 /* ReviewListStorage.swift */ = {isa = PBXFileReference; lastKnownFileType = sourcecode.swift; path = ReviewListStorage.swift; sourceTree = "<group>"; };
		A97DABC22BCBBA18000867D9 /* RestaurantEntity.swift */ = {isa = PBXFileReference; lastKnownFileType = sourcecode.swift; path = RestaurantEntity.swift; sourceTree = "<group>"; };
		A97DABC42BCBBA24000867D9 /* DishEntity.swift */ = {isa = PBXFileReference; lastKnownFileType = sourcecode.swift; path = DishEntity.swift; sourceTree = "<group>"; };
		A97DABCB2BCBFC25000867D9 /* RestaurantDishListViewController.swift */ = {isa = PBXFileReference; lastKnownFileType = sourcecode.swift; path = RestaurantDishListViewController.swift; sourceTree = "<group>"; };
		A97DABCD2BCBFCBF000867D9 /* RestaurantDishListItemCell.swift */ = {isa = PBXFileReference; lastKnownFileType = sourcecode.swift; path = RestaurantDishListItemCell.swift; sourceTree = "<group>"; };
		A97DABCF2BCBFD8E000867D9 /* RestaurantDishListItemViewModel.swift */ = {isa = PBXFileReference; lastKnownFileType = sourcecode.swift; path = RestaurantDishListItemViewModel.swift; sourceTree = "<group>"; };
		A97DABD12BCBFF15000867D9 /* RestaurantDishListAdapter.swift */ = {isa = PBXFileReference; lastKnownFileType = sourcecode.swift; path = RestaurantDishListAdapter.swift; sourceTree = "<group>"; };
		A97DABD32BCC0026000867D9 /* RestaurantDishListViewModel.swift */ = {isa = PBXFileReference; lastKnownFileType = sourcecode.swift; path = RestaurantDishListViewModel.swift; sourceTree = "<group>"; };
		A9896EFF2BC8CB2300BC79E3 /* Constants.swift */ = {isa = PBXFileReference; lastKnownFileType = sourcecode.swift; path = Constants.swift; sourceTree = "<group>"; };
		A9896F012BC8D1CB00BC79E3 /* OnOffButton.swift */ = {isa = PBXFileReference; lastKnownFileType = sourcecode.swift; path = OnOffButton.swift; sourceTree = "<group>"; };
		A9896F042BC8E6F000BC79E3 /* Dish.swift */ = {isa = PBXFileReference; lastKnownFileType = sourcecode.swift; path = Dish.swift; sourceTree = "<group>"; };
		A9A672432BDDD1D50008AC9F /* GlossaryListItemViewModel.swift */ = {isa = PBXFileReference; lastKnownFileType = sourcecode.swift; path = GlossaryListItemViewModel.swift; sourceTree = "<group>"; };
		A9A672452BDDD4920008AC9F /* GlossaryListItemCell.swift */ = {isa = PBXFileReference; lastKnownFileType = sourcecode.swift; path = GlossaryListItemCell.swift; sourceTree = "<group>"; };
		A9AF0CF12BDA717F0063F447 /* TasteCategoryButton.swift */ = {isa = PBXFileReference; lastKnownFileType = sourcecode.swift; path = TasteCategoryButton.swift; sourceTree = "<group>"; };
		A9C89D022BD24F9300E386D0 /* SwitchSettingView.swift */ = {isa = PBXFileReference; lastKnownFileType = sourcecode.swift; path = SwitchSettingView.swift; sourceTree = "<group>"; };
		A9C89D042BD25B0D00E386D0 /* SettingsViewModel.swift */ = {isa = PBXFileReference; lastKnownFileType = sourcecode.swift; path = SettingsViewModel.swift; sourceTree = "<group>"; };
		A9C89D062BD25B5000E386D0 /* DefaultSettingsRepository.swift */ = {isa = PBXFileReference; lastKnownFileType = sourcecode.swift; path = DefaultSettingsRepository.swift; sourceTree = "<group>"; };
		A9C89D082BD25B5A00E386D0 /* SettingsStorage.swift */ = {isa = PBXFileReference; lastKnownFileType = sourcecode.swift; path = SettingsStorage.swift; sourceTree = "<group>"; };
		A9C89D0A2BD25B6800E386D0 /* SettingsRepository.swift */ = {isa = PBXFileReference; lastKnownFileType = sourcecode.swift; path = SettingsRepository.swift; sourceTree = "<group>"; };
		A9C89D0C2BD35ABF00E386D0 /* RecordButton.swift */ = {isa = PBXFileReference; lastKnownFileType = sourcecode.swift; path = RecordButton.swift; sourceTree = "<group>"; };
		A9CFEC492BC806F800AFE7C3 /* TasteListViewController.swift */ = {isa = PBXFileReference; lastKnownFileType = sourcecode.swift; path = TasteListViewController.swift; sourceTree = "<group>"; };
		A9CFEC4B2BC80ADD00AFE7C3 /* TasteListViewModel.swift */ = {isa = PBXFileReference; lastKnownFileType = sourcecode.swift; path = TasteListViewModel.swift; sourceTree = "<group>"; };
		A9CFEC4E2BC80FCE00AFE7C3 /* SettingsViewController.swift */ = {isa = PBXFileReference; lastKnownFileType = sourcecode.swift; path = SettingsViewController.swift; sourceTree = "<group>"; };
		A9E86E2C2BC648F200576877 /* RestaurantListAdapter.swift */ = {isa = PBXFileReference; lastKnownFileType = sourcecode.swift; path = RestaurantListAdapter.swift; sourceTree = "<group>"; };
		A9E86E2E2BC649BC00576877 /* RestaurantListItemCell.swift */ = {isa = PBXFileReference; lastKnownFileType = sourcecode.swift; path = RestaurantListItemCell.swift; sourceTree = "<group>"; };
		A9E86E302BC64C0D00576877 /* RestaurantListItemViewModel.swift */ = {isa = PBXFileReference; lastKnownFileType = sourcecode.swift; path = RestaurantListItemViewModel.swift; sourceTree = "<group>"; };
		A9E86E332BC64D5C00576877 /* Date+FormattedString.swift */ = {isa = PBXFileReference; lastKnownFileType = sourcecode.swift; path = "Date+FormattedString.swift"; sourceTree = "<group>"; };
		A9E86E362BC665F100576877 /* StudioViewController.swift */ = {isa = PBXFileReference; lastKnownFileType = sourcecode.swift; path = StudioViewController.swift; sourceTree = "<group>"; };
		A9E86E382BC6685700576877 /* StudioViewModel.swift */ = {isa = PBXFileReference; lastKnownFileType = sourcecode.swift; path = StudioViewModel.swift; sourceTree = "<group>"; };
		A9E86E3B2BC672BF00576877 /* PreviewView.swift */ = {isa = PBXFileReference; lastKnownFileType = sourcecode.swift; path = PreviewView.swift; sourceTree = "<group>"; };
		A9E86E3D2BC6737700576877 /* Studio.swift */ = {isa = PBXFileReference; lastKnownFileType = sourcecode.swift; path = Studio.swift; sourceTree = "<group>"; };
		A9E86E3F2BC6887400576877 /* PhotoCaptureProcessor.swift */ = {isa = PBXFileReference; lastKnownFileType = sourcecode.swift; path = PhotoCaptureProcessor.swift; sourceTree = "<group>"; };
		A9E86E422BC68ACA00576877 /* StudioUseCase.swift */ = {isa = PBXFileReference; lastKnownFileType = sourcecode.swift; path = StudioUseCase.swift; sourceTree = "<group>"; };
/* End PBXFileReference section */

/* Begin PBXFrameworksBuildPhase section */
		A93CF6C92BC2A8120077B0A2 /* Frameworks */ = {
			isa = PBXFrameworksBuildPhase;
			buildActionMask = 2147483647;
			files = (
			);
			runOnlyForDeploymentPostprocessing = 0;
		};
/* End PBXFrameworksBuildPhase section */

/* Begin PBXGroup section */
		A006CEAC2BCCBEC60065553F /* DishDetailView */ = {
			isa = PBXGroup;
			children = (
				A006CEAD2BCCBED30065553F /* DishDetailViewController.swift */,
				A006CEAF2BCCBF050065553F /* DishDetailViewModel.swift */,
				A006CEB12BCCBF8C0065553F /* DishDetailListAdapter.swift */,
				A006CEB32BCCC0730065553F /* DishDetailListItemViewModel.swift */,
				A006CEB52BCCC12B0065553F /* DishDetailListItemCell.swift */,
			);
			path = DishDetailView;
			sourceTree = "<group>";
		};
		A93CF6C32BC2A8120077B0A2 = {
			isa = PBXGroup;
			children = (
				A93CF6CE2BC2A8120077B0A2 /* Reviewer */,
				A93CF6CD2BC2A8120077B0A2 /* Products */,
			);
			sourceTree = "<group>";
		};
		A93CF6CD2BC2A8120077B0A2 /* Products */ = {
			isa = PBXGroup;
			children = (
				A93CF6CC2BC2A8120077B0A2 /* Reviewer.app */,
			);
			name = Products;
			sourceTree = "<group>";
		};
		A93CF6CE2BC2A8120077B0A2 /* Reviewer */ = {
			isa = PBXGroup;
			children = (
				A97DAB8B2BCB84A7000867D9 /* Data */,
				A9896EFF2BC8CB2300BC79E3 /* Constants.swift */,
				A9E86E412BC68ABF00576877 /* Domain */,
				A9E86E3A2BC672AC00576877 /* Studio */,
				A9E86E322BC64D4700576877 /* Extensions */,
				A93CF6E52BC2A8590077B0A2 /* Resources */,
				A93CF6E42BC2A8510077B0A2 /* Presentation */,
				A93CF6E32BC2A82C0077B0A2 /* Application */,
			);
			path = Reviewer;
			sourceTree = "<group>";
		};
		A93CF6E32BC2A82C0077B0A2 /* Application */ = {
			isa = PBXGroup;
			children = (
				A93CF6CF2BC2A8120077B0A2 /* AppDelegate.swift */,
				A93CF6D12BC2A8120077B0A2 /* SceneDelegate.swift */,
				A93CF6EB2BC2A93B0077B0A2 /* AppDIContainer.swift */,
				A93CF6ED2BC2A9420077B0A2 /* AppFlowCoordinator.swift */,
				A93CF6EF2BC2A94C0077B0A2 /* SceneDIContainer.swift */,
				A93CF6F32BC2AA030077B0A2 /* AppConfiguration.swift */,
			);
			path = Application;
			sourceTree = "<group>";
		};
		A93CF6E42BC2A8510077B0A2 /* Presentation */ = {
			isa = PBXGroup;
			children = (
				A93CF6F12BC2A96E0077B0A2 /* ViewFlowCoordinator.swift */,
				A971F2402BDD237B00ABC8C8 /* GlossaryViewController */,
				A9CFEC4D2BC80FC100AFE7C3 /* SettingsViewController */,
				A93CF6E62BC2A87D0077B0A2 /* RestaurantListView */,
				A9E86E352BC665C800576877 /* StudioView */,
				A9CFEC482BC806D800AFE7C3 /* TasteListView */,
				A97DABCA2BCBFC08000867D9 /* RestaurantDishListView */,
				A006CEAC2BCCBEC60065553F /* DishDetailView */,
			);
			path = Presentation;
			sourceTree = "<group>";
		};
		A93CF6E52BC2A8590077B0A2 /* Resources */ = {
			isa = PBXGroup;
			children = (
				A93CF6D82BC2A8150077B0A2 /* Assets.xcassets */,
				A93CF6DA2BC2A8150077B0A2 /* LaunchScreen.storyboard */,
				A93CF6DD2BC2A8150077B0A2 /* Info.plist */,
			);
			path = Resources;
			sourceTree = "<group>";
		};
		A93CF6E62BC2A87D0077B0A2 /* RestaurantListView */ = {
			isa = PBXGroup;
			children = (
				A93CF6E72BC2A8AF0077B0A2 /* RestaurantListViewController.swift */,
				A93CF6E92BC2A8FE0077B0A2 /* RestaurantListViewModel.swift */,
				A9E86E2C2BC648F200576877 /* RestaurantListAdapter.swift */,
				A9E86E2E2BC649BC00576877 /* RestaurantListItemCell.swift */,
				A9E86E302BC64C0D00576877 /* RestaurantListItemViewModel.swift */,
			);
			path = RestaurantListView;
			sourceTree = "<group>";
		};
		A971F2402BDD237B00ABC8C8 /* GlossaryViewController */ = {
			isa = PBXGroup;
			children = (
				A971F2412BDD238B00ABC8C8 /* GlossaryViewController.swift */,
				A971F2432BDD23C800ABC8C8 /* GlossaryViewModel.swift */,
				A971F2452BDD31B100ABC8C8 /* GlossaryListAdapter.swift */,
				A9A672432BDDD1D50008AC9F /* GlossaryListItemViewModel.swift */,
				A9A672452BDDD4920008AC9F /* GlossaryListItemCell.swift */,
			);
			path = GlossaryViewController;
			sourceTree = "<group>";
		};
		A97DAB8B2BCB84A7000867D9 /* Data */ = {
			isa = PBXGroup;
			children = (
				A97DAB8F2BCB84E5000867D9 /* Repositories */,
				A97DAB8E2BCB84C4000867D9 /* Storage */,
			);
			path = Data;
			sourceTree = "<group>";
		};
		A97DAB8E2BCB84C4000867D9 /* Storage */ = {
			isa = PBXGroup;
			children = (
				A97DAB952BCB85A1000867D9 /* ReviewListStorage.swift */,
				A97DABC22BCBBA18000867D9 /* RestaurantEntity.swift */,
				A97DABC42BCBBA24000867D9 /* DishEntity.swift */,
				A9C89D082BD25B5A00E386D0 /* SettingsStorage.swift */,
			);
			path = Storage;
			sourceTree = "<group>";
		};
		A97DAB8F2BCB84E5000867D9 /* Repositories */ = {
			isa = PBXGroup;
			children = (
				A97DAB932BCB8510000867D9 /* DefaultReviewListRepository.swift */,
				A9C89D062BD25B5000E386D0 /* DefaultSettingsRepository.swift */,
			);
			path = Repositories;
			sourceTree = "<group>";
		};
		A97DAB902BCB84EB000867D9 /* Interfaces */ = {
			isa = PBXGroup;
			children = (
				A97DAB912BCB84F9000867D9 /* ReviewListRepository.swift */,
				A9C89D0A2BD25B6800E386D0 /* SettingsRepository.swift */,
			);
			path = Interfaces;
			sourceTree = "<group>";
		};
		A97DABCA2BCBFC08000867D9 /* RestaurantDishListView */ = {
			isa = PBXGroup;
			children = (
				A97DABCB2BCBFC25000867D9 /* RestaurantDishListViewController.swift */,
				A97DABCD2BCBFCBF000867D9 /* RestaurantDishListItemCell.swift */,
				A97DABCF2BCBFD8E000867D9 /* RestaurantDishListItemViewModel.swift */,
				A97DABD12BCBFF15000867D9 /* RestaurantDishListAdapter.swift */,
				A97DABD32BCC0026000867D9 /* RestaurantDishListViewModel.swift */,
			);
			path = RestaurantDishListView;
			sourceTree = "<group>";
		};
		A9896F032BC8E6D200BC79E3 /* Entities */ = {
			isa = PBXGroup;
			children = (
				A9896F042BC8E6F000BC79E3 /* Dish.swift */,
				A97DAB892BCB845B000867D9 /* Restaurant.swift */,
				A01940D72BDA2F41006848E2 /* TasteCategory.swift */,
			);
			path = Entities;
			sourceTree = "<group>";
		};
		A9CFEC482BC806D800AFE7C3 /* TasteListView */ = {
			isa = PBXGroup;
			children = (
				A9CFEC492BC806F800AFE7C3 /* TasteListViewController.swift */,
				A9CFEC4B2BC80ADD00AFE7C3 /* TasteListViewModel.swift */,
				A9896F012BC8D1CB00BC79E3 /* OnOffButton.swift */,
				A9AF0CF12BDA717F0063F447 /* TasteCategoryButton.swift */,
			);
			path = TasteListView;
			sourceTree = "<group>";
		};
		A9CFEC4D2BC80FC100AFE7C3 /* SettingsViewController */ = {
			isa = PBXGroup;
			children = (
				A9CFEC4E2BC80FCE00AFE7C3 /* SettingsViewController.swift */,
				A9C89D022BD24F9300E386D0 /* SwitchSettingView.swift */,
				A9C89D042BD25B0D00E386D0 /* SettingsViewModel.swift */,
			);
			path = SettingsViewController;
			sourceTree = "<group>";
		};
		A9E86E322BC64D4700576877 /* Extensions */ = {
			isa = PBXGroup;
			children = (
				A9E86E332BC64D5C00576877 /* Date+FormattedString.swift */,
			);
			path = Extensions;
			sourceTree = "<group>";
		};
		A9E86E352BC665C800576877 /* StudioView */ = {
			isa = PBXGroup;
			children = (
				A9E86E362BC665F100576877 /* StudioViewController.swift */,
				A9E86E382BC6685700576877 /* StudioViewModel.swift */,
				A9E86E3B2BC672BF00576877 /* PreviewView.swift */,
				A9C89D0C2BD35ABF00E386D0 /* RecordButton.swift */,
			);
			path = StudioView;
			sourceTree = "<group>";
		};
		A9E86E3A2BC672AC00576877 /* Studio */ = {
			isa = PBXGroup;
			children = (
				A9E86E3D2BC6737700576877 /* Studio.swift */,
				A9E86E3F2BC6887400576877 /* PhotoCaptureProcessor.swift */,
			);
			path = Studio;
			sourceTree = "<group>";
		};
		A9E86E412BC68ABF00576877 /* Domain */ = {
			isa = PBXGroup;
			children = (
				A97DAB902BCB84EB000867D9 /* Interfaces */,
				A9896F032BC8E6D200BC79E3 /* Entities */,
				A9E86E422BC68ACA00576877 /* StudioUseCase.swift */,
			);
			path = Domain;
			sourceTree = "<group>";
		};
/* End PBXGroup section */

/* Begin PBXNativeTarget section */
		A93CF6CB2BC2A8120077B0A2 /* Reviewer */ = {
			isa = PBXNativeTarget;
			buildConfigurationList = A93CF6E02BC2A8150077B0A2 /* Build configuration list for PBXNativeTarget "Reviewer" */;
			buildPhases = (
				A93CF6C82BC2A8120077B0A2 /* Sources */,
				A93CF6C92BC2A8120077B0A2 /* Frameworks */,
				A93CF6CA2BC2A8120077B0A2 /* Resources */,
			);
			buildRules = (
			);
			dependencies = (
			);
			name = Reviewer;
			productName = Reviewer;
			productReference = A93CF6CC2BC2A8120077B0A2 /* Reviewer.app */;
			productType = "com.apple.product-type.application";
		};
/* End PBXNativeTarget section */

/* Begin PBXProject section */
		A93CF6C42BC2A8120077B0A2 /* Project object */ = {
			isa = PBXProject;
			attributes = {
				BuildIndependentTargetsInParallel = 1;
				LastSwiftUpdateCheck = 1530;
				LastUpgradeCheck = 1530;
				TargetAttributes = {
					A93CF6CB2BC2A8120077B0A2 = {
						CreatedOnToolsVersion = 15.3;
					};
				};
			};
			buildConfigurationList = A93CF6C72BC2A8120077B0A2 /* Build configuration list for PBXProject "Reviewer" */;
			compatibilityVersion = "Xcode 14.0";
			developmentRegion = en;
			hasScannedForEncodings = 0;
			knownRegions = (
				en,
				Base,
			);
			mainGroup = A93CF6C32BC2A8120077B0A2;
			productRefGroup = A93CF6CD2BC2A8120077B0A2 /* Products */;
			projectDirPath = "";
			projectRoot = "";
			targets = (
				A93CF6CB2BC2A8120077B0A2 /* Reviewer */,
			);
		};
/* End PBXProject section */

/* Begin PBXResourcesBuildPhase section */
		A93CF6CA2BC2A8120077B0A2 /* Resources */ = {
			isa = PBXResourcesBuildPhase;
			buildActionMask = 2147483647;
			files = (
				A93CF6D92BC2A8150077B0A2 /* Assets.xcassets in Resources */,
				A93CF6DC2BC2A8150077B0A2 /* Base in Resources */,
			);
			runOnlyForDeploymentPostprocessing = 0;
		};
/* End PBXResourcesBuildPhase section */

/* Begin PBXSourcesBuildPhase section */
		A93CF6C82BC2A8120077B0A2 /* Sources */ = {
			isa = PBXSourcesBuildPhase;
			buildActionMask = 2147483647;
			files = (
				A97DAB8A2BCB845B000867D9 /* Restaurant.swift in Sources */,
				A9896F022BC8D1CB00BC79E3 /* OnOffButton.swift in Sources */,
				A006CEB42BCCC0730065553F /* DishDetailListItemViewModel.swift in Sources */,
				A9896F052BC8E6F000BC79E3 /* Dish.swift in Sources */,
				A93CF6F42BC2AA030077B0A2 /* AppConfiguration.swift in Sources */,
				A97DAB922BCB84F9000867D9 /* ReviewListRepository.swift in Sources */,
				A9CFEC4F2BC80FCE00AFE7C3 /* SettingsViewController.swift in Sources */,
				A97DAB962BCB85A1000867D9 /* ReviewListStorage.swift in Sources */,
				A9C89D072BD25B5000E386D0 /* DefaultSettingsRepository.swift in Sources */,
				A9E86E312BC64C0D00576877 /* RestaurantListItemViewModel.swift in Sources */,
				A9E86E372BC665F100576877 /* StudioViewController.swift in Sources */,
				A9AF0CF22BDA717F0063F447 /* TasteCategoryButton.swift in Sources */,
				A93CF6E82BC2A8AF0077B0A2 /* RestaurantListViewController.swift in Sources */,
				A97DABC52BCBBA24000867D9 /* DishEntity.swift in Sources */,
				A9E86E342BC64D5D00576877 /* Date+FormattedString.swift in Sources */,
				A9A672442BDDD1D50008AC9F /* GlossaryListItemViewModel.swift in Sources */,
				A9896F002BC8CB2300BC79E3 /* Constants.swift in Sources */,
				A9E86E3E2BC6737700576877 /* Studio.swift in Sources */,
				A9C89D052BD25B0D00E386D0 /* SettingsViewModel.swift in Sources */,
				A9CFEC4A2BC806F800AFE7C3 /* TasteListViewController.swift in Sources */,
				A93CF6D02BC2A8120077B0A2 /* AppDelegate.swift in Sources */,
				A9E86E2D2BC648F300576877 /* RestaurantListAdapter.swift in Sources */,
				A006CEB22BCCBF8C0065553F /* DishDetailListAdapter.swift in Sources */,
				A006CEB02BCCBF050065553F /* DishDetailViewModel.swift in Sources */,
				A93CF6EC2BC2A93B0077B0A2 /* AppDIContainer.swift in Sources */,
				A9C89D092BD25B5A00E386D0 /* SettingsStorage.swift in Sources */,
				A9C89D032BD24F9300E386D0 /* SwitchSettingView.swift in Sources */,
				A97DABD22BCBFF15000867D9 /* RestaurantDishListAdapter.swift in Sources */,
				A93CF6F22BC2A96E0077B0A2 /* ViewFlowCoordinator.swift in Sources */,
				A9E86E3C2BC672BF00576877 /* PreviewView.swift in Sources */,
				A9A672462BDDD4920008AC9F /* GlossaryListItemCell.swift in Sources */,
				A006CEAE2BCCBED30065553F /* DishDetailViewController.swift in Sources */,
				A97DABC32BCBBA18000867D9 /* RestaurantEntity.swift in Sources */,
				A93CF6F02BC2A94C0077B0A2 /* SceneDIContainer.swift in Sources */,
				A93CF6EA2BC2A8FE0077B0A2 /* RestaurantListViewModel.swift in Sources */,
				A006CEB62BCCC12B0065553F /* DishDetailListItemCell.swift in Sources */,
				A93CF6EE2BC2A9420077B0A2 /* AppFlowCoordinator.swift in Sources */,
				A9C89D0B2BD25B6800E386D0 /* SettingsRepository.swift in Sources */,
				A97DAB942BCB8510000867D9 /* DefaultReviewListRepository.swift in Sources */,
				A9E86E432BC68ACA00576877 /* StudioUseCase.swift in Sources */,
				A9E86E402BC6887400576877 /* PhotoCaptureProcessor.swift in Sources */,
				A93CF6D22BC2A8120077B0A2 /* SceneDelegate.swift in Sources */,
				A01940D82BDA2F41006848E2 /* TasteCategory.swift in Sources */,
				A97DABD02BCBFD8E000867D9 /* RestaurantDishListItemViewModel.swift in Sources */,
				A9E86E2F2BC649BC00576877 /* RestaurantListItemCell.swift in Sources */,
				A9E86E392BC6685700576877 /* StudioViewModel.swift in Sources */,
				A97DABCC2BCBFC25000867D9 /* RestaurantDishListViewController.swift in Sources */,
				A9CFEC4C2BC80ADD00AFE7C3 /* TasteListViewModel.swift in Sources */,
				A971F2462BDD31B100ABC8C8 /* GlossaryListAdapter.swift in Sources */,
				A97DABCE2BCBFCBF000867D9 /* RestaurantDishListItemCell.swift in Sources */,
				A97DABD42BCC0026000867D9 /* RestaurantDishListViewModel.swift in Sources */,
				A971F2442BDD23C800ABC8C8 /* GlossaryViewModel.swift in Sources */,
				A971F2422BDD238B00ABC8C8 /* GlossaryViewController.swift in Sources */,
				A9C89D0D2BD35ABF00E386D0 /* RecordButton.swift in Sources */,
			);
			runOnlyForDeploymentPostprocessing = 0;
		};
/* End PBXSourcesBuildPhase section */

/* Begin PBXVariantGroup section */
		A93CF6DA2BC2A8150077B0A2 /* LaunchScreen.storyboard */ = {
			isa = PBXVariantGroup;
			children = (
				A93CF6DB2BC2A8150077B0A2 /* Base */,
			);
			name = LaunchScreen.storyboard;
			sourceTree = "<group>";
		};
/* End PBXVariantGroup section */

/* Begin XCBuildConfiguration section */
		A93CF6DE2BC2A8150077B0A2 /* Debug */ = {
			isa = XCBuildConfiguration;
			buildSettings = {
				ALWAYS_SEARCH_USER_PATHS = NO;
				ASSETCATALOG_COMPILER_GENERATE_SWIFT_ASSET_SYMBOL_EXTENSIONS = YES;
				CLANG_ANALYZER_NONNULL = YES;
				CLANG_ANALYZER_NUMBER_OBJECT_CONVERSION = YES_AGGRESSIVE;
				CLANG_CXX_LANGUAGE_STANDARD = "gnu++20";
				CLANG_ENABLE_MODULES = YES;
				CLANG_ENABLE_OBJC_ARC = YES;
				CLANG_ENABLE_OBJC_WEAK = YES;
				CLANG_WARN_BLOCK_CAPTURE_AUTORELEASING = YES;
				CLANG_WARN_BOOL_CONVERSION = YES;
				CLANG_WARN_COMMA = YES;
				CLANG_WARN_CONSTANT_CONVERSION = YES;
				CLANG_WARN_DEPRECATED_OBJC_IMPLEMENTATIONS = YES;
				CLANG_WARN_DIRECT_OBJC_ISA_USAGE = YES_ERROR;
				CLANG_WARN_DOCUMENTATION_COMMENTS = YES;
				CLANG_WARN_EMPTY_BODY = YES;
				CLANG_WARN_ENUM_CONVERSION = YES;
				CLANG_WARN_INFINITE_RECURSION = YES;
				CLANG_WARN_INT_CONVERSION = YES;
				CLANG_WARN_NON_LITERAL_NULL_CONVERSION = YES;
				CLANG_WARN_OBJC_IMPLICIT_RETAIN_SELF = YES;
				CLANG_WARN_OBJC_LITERAL_CONVERSION = YES;
				CLANG_WARN_OBJC_ROOT_CLASS = YES_ERROR;
				CLANG_WARN_QUOTED_INCLUDE_IN_FRAMEWORK_HEADER = YES;
				CLANG_WARN_RANGE_LOOP_ANALYSIS = YES;
				CLANG_WARN_STRICT_PROTOTYPES = YES;
				CLANG_WARN_SUSPICIOUS_MOVE = YES;
				CLANG_WARN_UNGUARDED_AVAILABILITY = YES_AGGRESSIVE;
				CLANG_WARN_UNREACHABLE_CODE = YES;
				CLANG_WARN__DUPLICATE_METHOD_MATCH = YES;
				COPY_PHASE_STRIP = NO;
				DEBUG_INFORMATION_FORMAT = dwarf;
				ENABLE_STRICT_OBJC_MSGSEND = YES;
				ENABLE_TESTABILITY = YES;
				ENABLE_USER_SCRIPT_SANDBOXING = YES;
				GCC_C_LANGUAGE_STANDARD = gnu17;
				GCC_DYNAMIC_NO_PIC = NO;
				GCC_NO_COMMON_BLOCKS = YES;
				GCC_OPTIMIZATION_LEVEL = 0;
				GCC_PREPROCESSOR_DEFINITIONS = (
					"DEBUG=1",
					"$(inherited)",
				);
				GCC_WARN_64_TO_32_BIT_CONVERSION = YES;
				GCC_WARN_ABOUT_RETURN_TYPE = YES_ERROR;
				GCC_WARN_UNDECLARED_SELECTOR = YES;
				GCC_WARN_UNINITIALIZED_AUTOS = YES_AGGRESSIVE;
				GCC_WARN_UNUSED_FUNCTION = YES;
				GCC_WARN_UNUSED_VARIABLE = YES;
				IPHONEOS_DEPLOYMENT_TARGET = 17.4;
				LOCALIZATION_PREFERS_STRING_CATALOGS = YES;
				MTL_ENABLE_DEBUG_INFO = INCLUDE_SOURCE;
				MTL_FAST_MATH = YES;
				ONLY_ACTIVE_ARCH = YES;
				SDKROOT = iphoneos;
				SWIFT_ACTIVE_COMPILATION_CONDITIONS = "DEBUG $(inherited)";
				SWIFT_OPTIMIZATION_LEVEL = "-Onone";
			};
			name = Debug;
		};
		A93CF6DF2BC2A8150077B0A2 /* Release */ = {
			isa = XCBuildConfiguration;
			buildSettings = {
				ALWAYS_SEARCH_USER_PATHS = NO;
				ASSETCATALOG_COMPILER_GENERATE_SWIFT_ASSET_SYMBOL_EXTENSIONS = YES;
				CLANG_ANALYZER_NONNULL = YES;
				CLANG_ANALYZER_NUMBER_OBJECT_CONVERSION = YES_AGGRESSIVE;
				CLANG_CXX_LANGUAGE_STANDARD = "gnu++20";
				CLANG_ENABLE_MODULES = YES;
				CLANG_ENABLE_OBJC_ARC = YES;
				CLANG_ENABLE_OBJC_WEAK = YES;
				CLANG_WARN_BLOCK_CAPTURE_AUTORELEASING = YES;
				CLANG_WARN_BOOL_CONVERSION = YES;
				CLANG_WARN_COMMA = YES;
				CLANG_WARN_CONSTANT_CONVERSION = YES;
				CLANG_WARN_DEPRECATED_OBJC_IMPLEMENTATIONS = YES;
				CLANG_WARN_DIRECT_OBJC_ISA_USAGE = YES_ERROR;
				CLANG_WARN_DOCUMENTATION_COMMENTS = YES;
				CLANG_WARN_EMPTY_BODY = YES;
				CLANG_WARN_ENUM_CONVERSION = YES;
				CLANG_WARN_INFINITE_RECURSION = YES;
				CLANG_WARN_INT_CONVERSION = YES;
				CLANG_WARN_NON_LITERAL_NULL_CONVERSION = YES;
				CLANG_WARN_OBJC_IMPLICIT_RETAIN_SELF = YES;
				CLANG_WARN_OBJC_LITERAL_CONVERSION = YES;
				CLANG_WARN_OBJC_ROOT_CLASS = YES_ERROR;
				CLANG_WARN_QUOTED_INCLUDE_IN_FRAMEWORK_HEADER = YES;
				CLANG_WARN_RANGE_LOOP_ANALYSIS = YES;
				CLANG_WARN_STRICT_PROTOTYPES = YES;
				CLANG_WARN_SUSPICIOUS_MOVE = YES;
				CLANG_WARN_UNGUARDED_AVAILABILITY = YES_AGGRESSIVE;
				CLANG_WARN_UNREACHABLE_CODE = YES;
				CLANG_WARN__DUPLICATE_METHOD_MATCH = YES;
				COPY_PHASE_STRIP = NO;
				DEBUG_INFORMATION_FORMAT = "dwarf-with-dsym";
				ENABLE_NS_ASSERTIONS = NO;
				ENABLE_STRICT_OBJC_MSGSEND = YES;
				ENABLE_USER_SCRIPT_SANDBOXING = YES;
				GCC_C_LANGUAGE_STANDARD = gnu17;
				GCC_NO_COMMON_BLOCKS = YES;
				GCC_WARN_64_TO_32_BIT_CONVERSION = YES;
				GCC_WARN_ABOUT_RETURN_TYPE = YES_ERROR;
				GCC_WARN_UNDECLARED_SELECTOR = YES;
				GCC_WARN_UNINITIALIZED_AUTOS = YES_AGGRESSIVE;
				GCC_WARN_UNUSED_FUNCTION = YES;
				GCC_WARN_UNUSED_VARIABLE = YES;
				IPHONEOS_DEPLOYMENT_TARGET = 17.4;
				LOCALIZATION_PREFERS_STRING_CATALOGS = YES;
				MTL_ENABLE_DEBUG_INFO = NO;
				MTL_FAST_MATH = YES;
				SDKROOT = iphoneos;
				SWIFT_COMPILATION_MODE = wholemodule;
				VALIDATE_PRODUCT = YES;
			};
			name = Release;
		};
		A93CF6E12BC2A8150077B0A2 /* Debug */ = {
			isa = XCBuildConfiguration;
			buildSettings = {
				ASSETCATALOG_COMPILER_APPICON_NAME = AppIcon;
				ASSETCATALOG_COMPILER_GLOBAL_ACCENT_COLOR_NAME = AccentColor;
				CODE_SIGN_STYLE = Automatic;
				CURRENT_PROJECT_VERSION = 1;
				DEVELOPMENT_TEAM = 3ZJJVW89MW;
				GENERATE_INFOPLIST_FILE = YES;
				INFOPLIST_FILE = Reviewer/Resources/Info.plist;
				INFOPLIST_KEY_UIApplicationSupportsIndirectInputEvents = YES;
				INFOPLIST_KEY_UILaunchStoryboardName = LaunchScreen;
				INFOPLIST_KEY_UIMainStoryboardFile = "";
				INFOPLIST_KEY_UISupportedInterfaceOrientations_iPad = "UIInterfaceOrientationPortrait UIInterfaceOrientationPortraitUpsideDown UIInterfaceOrientationLandscapeLeft UIInterfaceOrientationLandscapeRight";
				INFOPLIST_KEY_UISupportedInterfaceOrientations_iPhone = "UIInterfaceOrientationPortrait UIInterfaceOrientationLandscapeLeft UIInterfaceOrientationLandscapeRight";
				IPHONEOS_DEPLOYMENT_TARGET = 17.0;
				LD_RUNPATH_SEARCH_PATHS = (
					"$(inherited)",
					"@executable_path/Frameworks",
				);
				MARKETING_VERSION = 1.0;
				PRODUCT_BUNDLE_IDENTIFIER = com.horus222128.Reviewer;
				PRODUCT_NAME = "$(TARGET_NAME)";
				SUPPORTED_PLATFORMS = "iphoneos iphonesimulator";
				SUPPORTS_MACCATALYST = NO;
				SUPPORTS_MAC_DESIGNED_FOR_IPHONE_IPAD = NO;
				SUPPORTS_XR_DESIGNED_FOR_IPHONE_IPAD = NO;
				SWIFT_EMIT_LOC_STRINGS = YES;
				SWIFT_VERSION = 5.0;
				TARGETED_DEVICE_FAMILY = 1;
			};
			name = Debug;
		};
		A93CF6E22BC2A8150077B0A2 /* Release */ = {
			isa = XCBuildConfiguration;
			buildSettings = {
				ASSETCATALOG_COMPILER_APPICON_NAME = AppIcon;
				ASSETCATALOG_COMPILER_GLOBAL_ACCENT_COLOR_NAME = AccentColor;
				CODE_SIGN_STYLE = Automatic;
				CURRENT_PROJECT_VERSION = 1;
				DEVELOPMENT_TEAM = 3ZJJVW89MW;
				GENERATE_INFOPLIST_FILE = YES;
				INFOPLIST_FILE = Reviewer/Resources/Info.plist;
				INFOPLIST_KEY_UIApplicationSupportsIndirectInputEvents = YES;
				INFOPLIST_KEY_UILaunchStoryboardName = LaunchScreen;
				INFOPLIST_KEY_UIMainStoryboardFile = "";
				INFOPLIST_KEY_UISupportedInterfaceOrientations_iPad = "UIInterfaceOrientationPortrait UIInterfaceOrientationPortraitUpsideDown UIInterfaceOrientationLandscapeLeft UIInterfaceOrientationLandscapeRight";
				INFOPLIST_KEY_UISupportedInterfaceOrientations_iPhone = "UIInterfaceOrientationPortrait UIInterfaceOrientationLandscapeLeft UIInterfaceOrientationLandscapeRight";
				IPHONEOS_DEPLOYMENT_TARGET = 17.0;
				LD_RUNPATH_SEARCH_PATHS = (
					"$(inherited)",
					"@executable_path/Frameworks",
				);
				MARKETING_VERSION = 1.0;
				PRODUCT_BUNDLE_IDENTIFIER = com.horus222128.Reviewer;
				PRODUCT_NAME = "$(TARGET_NAME)";
				SUPPORTED_PLATFORMS = "iphoneos iphonesimulator";
				SUPPORTS_MACCATALYST = NO;
				SUPPORTS_MAC_DESIGNED_FOR_IPHONE_IPAD = NO;
				SUPPORTS_XR_DESIGNED_FOR_IPHONE_IPAD = NO;
				SWIFT_EMIT_LOC_STRINGS = YES;
				SWIFT_VERSION = 5.0;
				TARGETED_DEVICE_FAMILY = 1;
			};
			name = Release;
		};
/* End XCBuildConfiguration section */

/* Begin XCConfigurationList section */
		A93CF6C72BC2A8120077B0A2 /* Build configuration list for PBXProject "Reviewer" */ = {
			isa = XCConfigurationList;
			buildConfigurations = (
				A93CF6DE2BC2A8150077B0A2 /* Debug */,
				A93CF6DF2BC2A8150077B0A2 /* Release */,
			);
			defaultConfigurationIsVisible = 0;
			defaultConfigurationName = Release;
		};
		A93CF6E02BC2A8150077B0A2 /* Build configuration list for PBXNativeTarget "Reviewer" */ = {
			isa = XCConfigurationList;
			buildConfigurations = (
				A93CF6E12BC2A8150077B0A2 /* Debug */,
				A93CF6E22BC2A8150077B0A2 /* Release */,
			);
			defaultConfigurationIsVisible = 0;
			defaultConfigurationName = Release;
		};
/* End XCConfigurationList section */
	};
	rootObject = A93CF6C42BC2A8120077B0A2 /* Project object */;
}
